
Microsoft Visual Studio Solution File, Format Version 12.00
# Visual Studio Version 16
VisualStudioVersion = 16.0.809.6
MinimumVisualStudioVersion = 10.0.40219.1
Project("{FAE04EC0-301F-11D3-BF4B-00C04F79EFBC}") = "Observer", "Observer\Observer.csproj", "{A7C0A0F9-46C2-47C3-8953-9A7DBE127AF7}"
EndProject
Global
	GlobalSection(SolutionConfigurationPlatforms) = preSolution
		Debug|Any CPU = Debug|Any CPU
		Release|Any CPU = Release|Any CPU
	EndGlobalSection
	GlobalSection(ProjectConfigurationPlatforms) = postSolution
		{A7C0A0F9-46C2-47C3-8953-9A7DBE127AF7}.Debug|Any CPU.ActiveCfg = Debug|Any CPU
		{A7C0A0F9-46C2-47C3-8953-9A7DBE127AF7}.Debug|Any CPU.Build.0 = Debug|Any CPU
		{A7C0A0F9-46C2-47C3-8953-9A7DBE127AF7}.Release|Any CPU.ActiveCfg = Release|Any CPU
		{A7C0A0F9-46C2-47C3-8953-9A7DBE127AF7}.Release|Any CPU.Build.0 = Release|Any CPU
	EndGlobalSection
	GlobalSection(SolutionProperties) = preSolution
		HideSolutionNode = FALSE
	EndGlobalSection
	GlobalSection(ExtensibilityGlobals) = postSolution
		SolutionGuid = {E6E50843-6C31-4BB1-AF7A-774D0BC89A3E}
	EndGlobalSection
EndGlobal
