
Microsoft Visual Studio Solution File, Format Version 12.00
# Visual Studio Version 16
VisualStudioVersion = 16.0.31402.337
MinimumVisualStudioVersion = 10.0.40219.1
Project("{FAE04EC0-301F-11D3-BF4B-00C04F79EFBC}") = "ObserverDesignPatterns", "ObserverDesignPatterns\ObserverDesignPatterns.csproj", "{07206E27-6955-45B6-ABC2-E04676E67B5A}"
EndProject
Global
	GlobalSection(SolutionConfigurationPlatforms) = preSolution
		Debug|Any CPU = Debug|Any CPU
		Release|Any CPU = Release|Any CPU
	EndGlobalSection
	GlobalSection(ProjectConfigurationPlatforms) = postSolution
		{07206E27-6955-45B6-ABC2-E04676E67B5A}.Debug|Any CPU.ActiveCfg = Debug|Any CPU
		{07206E27-6955-45B6-ABC2-E04676E67B5A}.Debug|Any CPU.Build.0 = Debug|Any CPU
		{07206E27-6955-45B6-ABC2-E04676E67B5A}.Release|Any CPU.ActiveCfg = Release|Any CPU
		{07206E27-6955-45B6-ABC2-E04676E67B5A}.Release|Any CPU.Build.0 = Release|Any CPU
	EndGlobalSection
	GlobalSection(SolutionProperties) = preSolution
		HideSolutionNode = FALSE
	EndGlobalSection
	GlobalSection(ExtensibilityGlobals) = postSolution
		SolutionGuid = {907A40A2-2E47-46FD-8249-F365CCD8E646}
	EndGlobalSection
EndGlobal
