
Microsoft Visual Studio Solution File, Format Version 12.00
# Visual Studio Version 16
VisualStudioVersion = 16.0.31129.286
MinimumVisualStudioVersion = 10.0.40219.1
Project("{FAE04EC0-301F-11D3-BF4B-00C04F79EFBC}") = "Store", "Store\Store.csproj", "{107F40FE-87DE-41FF-B1B2-E753C3115D00}"
EndProject
Global
	GlobalSection(SolutionConfigurationPlatforms) = preSolution
		Debug|Any CPU = Debug|Any CPU
		Release|Any CPU = Release|Any CPU
	EndGlobalSection
	GlobalSection(ProjectConfigurationPlatforms) = postSolution
		{107F40FE-87DE-41FF-B1B2-E753C3115D00}.Debug|Any CPU.ActiveCfg = Debug|Any CPU
		{107F40FE-87DE-41FF-B1B2-E753C3115D00}.Debug|Any CPU.Build.0 = Debug|Any CPU
		{107F40FE-87DE-41FF-B1B2-E753C3115D00}.Release|Any CPU.ActiveCfg = Release|Any CPU
		{107F40FE-87DE-41FF-B1B2-E753C3115D00}.Release|Any CPU.Build.0 = Release|Any CPU
	EndGlobalSection
	GlobalSection(SolutionProperties) = preSolution
		HideSolutionNode = FALSE
	EndGlobalSection
	GlobalSection(ExtensibilityGlobals) = postSolution
		SolutionGuid = {2BA508C8-D9C5-4632-AE60-2EB863A0C0CD}
	EndGlobalSection
EndGlobal
