
Microsoft Visual Studio Solution File, Format Version 12.00
# Visual Studio Version 16
VisualStudioVersion = 16.0.31313.79
MinimumVisualStudioVersion = 10.0.40219.1
Project("{FAE04EC0-301F-11D3-BF4B-00C04F79EFBC}") = "ObserverPattern", "ObserverPattern\ObserverPattern.csproj", "{600FAE46-B7C6-4AA8-8E70-A99C153EAD59}"
EndProject
Global
	GlobalSection(SolutionConfigurationPlatforms) = preSolution
		Debug|Any CPU = Debug|Any CPU
		Release|Any CPU = Release|Any CPU
	EndGlobalSection
	GlobalSection(ProjectConfigurationPlatforms) = postSolution
		{600FAE46-B7C6-4AA8-8E70-A99C153EAD59}.Debug|Any CPU.ActiveCfg = Debug|Any CPU
		{600FAE46-B7C6-4AA8-8E70-A99C153EAD59}.Debug|Any CPU.Build.0 = Debug|Any CPU
		{600FAE46-B7C6-4AA8-8E70-A99C153EAD59}.Release|Any CPU.ActiveCfg = Release|Any CPU
		{600FAE46-B7C6-4AA8-8E70-A99C153EAD59}.Release|Any CPU.Build.0 = Release|Any CPU
	EndGlobalSection
	GlobalSection(SolutionProperties) = preSolution
		HideSolutionNode = FALSE
	EndGlobalSection
	GlobalSection(ExtensibilityGlobals) = postSolution
		SolutionGuid = {F65DD722-5647-453A-AF3C-D36E86C9F415}
	EndGlobalSection
EndGlobal
