
Microsoft Visual Studio Solution File, Format Version 12.00
# Visual Studio Version 16
VisualStudioVersion = 16.0.31205.134
MinimumVisualStudioVersion = 10.0.40219.1
Project("{FAE04EC0-301F-11D3-BF4B-00C04F79EFBC}") = "ObserverPro", "ObserverPro\ObserverPro.csproj", "{18A62437-04C6-4B18-ABFA-8CF3BE4C50D8}"
EndProject
Global
	GlobalSection(SolutionConfigurationPlatforms) = preSolution
		Debug|Any CPU = Debug|Any CPU
		Release|Any CPU = Release|Any CPU
	EndGlobalSection
	GlobalSection(ProjectConfigurationPlatforms) = postSolution
		{18A62437-04C6-4B18-ABFA-8CF3BE4C50D8}.Debug|Any CPU.ActiveCfg = Debug|Any CPU
		{18A62437-04C6-4B18-ABFA-8CF3BE4C50D8}.Debug|Any CPU.Build.0 = Debug|Any CPU
		{18A62437-04C6-4B18-ABFA-8CF3BE4C50D8}.Release|Any CPU.ActiveCfg = Release|Any CPU
		{18A62437-04C6-4B18-ABFA-8CF3BE4C50D8}.Release|Any CPU.Build.0 = Release|Any CPU
	EndGlobalSection
	GlobalSection(SolutionProperties) = preSolution
		HideSolutionNode = FALSE
	EndGlobalSection
	GlobalSection(ExtensibilityGlobals) = postSolution
		SolutionGuid = {DC741D62-BD30-45FE-A1E0-02FDEDA52621}
	EndGlobalSection
EndGlobal
