
Microsoft Visual Studio Solution File, Format Version 12.00
# Visual Studio Version 16
VisualStudioVersion = 16.0.809.10
MinimumVisualStudioVersion = 10.0.40219.1
Project("{FAE04EC0-301F-11D3-BF4B-00C04F79EFBC}") = "Observer", "Observer\Observer.csproj", "{02B95C9A-8961-40B3-B5FC-16C317769886}"
EndProject
Global
	GlobalSection(SolutionConfigurationPlatforms) = preSolution
		Debug|Any CPU = Debug|Any CPU
		Release|Any CPU = Release|Any CPU
	EndGlobalSection
	GlobalSection(ProjectConfigurationPlatforms) = postSolution
		{02B95C9A-8961-40B3-B5FC-16C317769886}.Debug|Any CPU.ActiveCfg = Debug|Any CPU
		{02B95C9A-8961-40B3-B5FC-16C317769886}.Debug|Any CPU.Build.0 = Debug|Any CPU
		{02B95C9A-8961-40B3-B5FC-16C317769886}.Release|Any CPU.ActiveCfg = Release|Any CPU
		{02B95C9A-8961-40B3-B5FC-16C317769886}.Release|Any CPU.Build.0 = Release|Any CPU
	EndGlobalSection
	GlobalSection(SolutionProperties) = preSolution
		HideSolutionNode = FALSE
	EndGlobalSection
	GlobalSection(ExtensibilityGlobals) = postSolution
		SolutionGuid = {0DA708D3-3775-45E0-89EF-9C62BD205F5A}
	EndGlobalSection
EndGlobal
