
Microsoft Visual Studio Solution File, Format Version 12.00
# Visual Studio Version 16
VisualStudioVersion = 16.0.31112.23
MinimumVisualStudioVersion = 10.0.40219.1
Project("{FAE04EC0-301F-11D3-BF4B-00C04F79EFBC}") = "Observer", "Observer\Observer.csproj", "{7C49AB40-FA27-4E36-BD2C-600B22AA2A7B}"
EndProject
Global
	GlobalSection(SolutionConfigurationPlatforms) = preSolution
		Debug|Any CPU = Debug|Any CPU
		Release|Any CPU = Release|Any CPU
	EndGlobalSection
	GlobalSection(ProjectConfigurationPlatforms) = postSolution
		{7C49AB40-FA27-4E36-BD2C-600B22AA2A7B}.Debug|Any CPU.ActiveCfg = Debug|Any CPU
		{7C49AB40-FA27-4E36-BD2C-600B22AA2A7B}.Debug|Any CPU.Build.0 = Debug|Any CPU
		{7C49AB40-FA27-4E36-BD2C-600B22AA2A7B}.Release|Any CPU.ActiveCfg = Release|Any CPU
		{7C49AB40-FA27-4E36-BD2C-600B22AA2A7B}.Release|Any CPU.Build.0 = Release|Any CPU
	EndGlobalSection
	GlobalSection(SolutionProperties) = preSolution
		HideSolutionNode = FALSE
	EndGlobalSection
	GlobalSection(ExtensibilityGlobals) = postSolution
		SolutionGuid = {F7DCEBF5-92C2-440E-B47C-E8C72848D82C}
	EndGlobalSection
EndGlobal
