
Microsoft Visual Studio Solution File, Format Version 12.00
# Visual Studio Version 16
VisualStudioVersion = 16.0.809.7
MinimumVisualStudioVersion = 10.0.40219.1
Project("{FAE04EC0-301F-11D3-BF4B-00C04F79EFBC}") = "observer", "observer\observer.csproj", "{091E7729-E4E2-4FE4-82A5-488F46DE252F}"
EndProject
Global
	GlobalSection(SolutionConfigurationPlatforms) = preSolution
		Debug|Any CPU = Debug|Any CPU
		Release|Any CPU = Release|Any CPU
	EndGlobalSection
	GlobalSection(ProjectConfigurationPlatforms) = postSolution
		{091E7729-E4E2-4FE4-82A5-488F46DE252F}.Debug|Any CPU.ActiveCfg = Debug|Any CPU
		{091E7729-E4E2-4FE4-82A5-488F46DE252F}.Debug|Any CPU.Build.0 = Debug|Any CPU
		{091E7729-E4E2-4FE4-82A5-488F46DE252F}.Release|Any CPU.ActiveCfg = Release|Any CPU
		{091E7729-E4E2-4FE4-82A5-488F46DE252F}.Release|Any CPU.Build.0 = Release|Any CPU
	EndGlobalSection
	GlobalSection(SolutionProperties) = preSolution
		HideSolutionNode = FALSE
	EndGlobalSection
	GlobalSection(ExtensibilityGlobals) = postSolution
		SolutionGuid = {2EAEB366-9748-4A3E-9BD3-0AE14112D237}
	EndGlobalSection
EndGlobal
