
Microsoft Visual Studio Solution File, Format Version 12.00
# Visual Studio Version 16
VisualStudioVersion = 16.0.31410.357
MinimumVisualStudioVersion = 10.0.40219.1
Project("{FAE04EC0-301F-11D3-BF4B-00C04F79EFBC}") = "Observers", "Observers\Observers.csproj", "{690A56A5-192B-414E-94AD-B9A45F14DB86}"
EndProject
Global
	GlobalSection(SolutionConfigurationPlatforms) = preSolution
		Debug|Any CPU = Debug|Any CPU
		Release|Any CPU = Release|Any CPU
	EndGlobalSection
	GlobalSection(ProjectConfigurationPlatforms) = postSolution
		{690A56A5-192B-414E-94AD-B9A45F14DB86}.Debug|Any CPU.ActiveCfg = Debug|Any CPU
		{690A56A5-192B-414E-94AD-B9A45F14DB86}.Debug|Any CPU.Build.0 = Debug|Any CPU
		{690A56A5-192B-414E-94AD-B9A45F14DB86}.Release|Any CPU.ActiveCfg = Release|Any CPU
		{690A56A5-192B-414E-94AD-B9A45F14DB86}.Release|Any CPU.Build.0 = Release|Any CPU
	EndGlobalSection
	GlobalSection(SolutionProperties) = preSolution
		HideSolutionNode = FALSE
	EndGlobalSection
	GlobalSection(ExtensibilityGlobals) = postSolution
		SolutionGuid = {AA4BF4C7-33D7-4F52-AD99-F35433FB8903}
	EndGlobalSection
EndGlobal
